
Microsoft Visual Studio Solution File, Format Version 12.00
# Visual Studio 15
VisualStudioVersion = 15.0.26730.12
MinimumVisualStudioVersion = 10.0.40219.1
Project("{FAE04EC0-301F-11D3-BF4B-00C04F79EFBC}") = "TestLocalization3", "TestLocalization3\TestLocalization3.csproj", "{92614791-9191-4CAA-A6FE-8A9280CBE452}"
EndProject
Global
	GlobalSection(SolutionConfigurationPlatforms) = preSolution
		Debug|Any CPU = Debug|Any CPU
		Release|Any CPU = Release|Any CPU
	EndGlobalSection
	GlobalSection(ProjectConfigurationPlatforms) = postSolution
		{92614791-9191-4CAA-A6FE-8A9280CBE452}.Debug|Any CPU.ActiveCfg = Debug|Any CPU
		{92614791-9191-4CAA-A6FE-8A9280CBE452}.Debug|Any CPU.Build.0 = Debug|Any CPU
		{92614791-9191-4CAA-A6FE-8A9280CBE452}.Release|Any CPU.ActiveCfg = Release|Any CPU
		{92614791-9191-4CAA-A6FE-8A9280CBE452}.Release|Any CPU.Build.0 = Release|Any CPU
	EndGlobalSection
	GlobalSection(SolutionProperties) = preSolution
		HideSolutionNode = FALSE
	EndGlobalSection
	GlobalSection(ExtensibilityGlobals) = postSolution
		SolutionGuid = {D8988EBE-123A-4C6C-BD64-61B1F7002A10}
	EndGlobalSection
EndGlobal
